
Microsoft Visual Studio Solution File, Format Version 12.00
# Visual Studio 15
Project("{FAE04EC0-301F-11D3-BF4B-00C04F79EFBC}") = "TestMobileProject.Android", "TestMobileProject.Android\TestMobileProject.Android.csproj", "{3B0ABF09-7669-4E0D-B5B9-95B7A674CDC0}"
EndProject
Project("{FAE04EC0-301F-11D3-BF4B-00C04F79EFBC}") = "TestMobileProject.iOS", "TestMobileProject.iOS\TestMobileProject.iOS.csproj", "{43DFE4B5-DD03-4CF1-925E-0D0F28B6F804}"
EndProject
Project("{FAE04EC0-301F-11D3-BF4B-00C04F79EFBC}") = "TestMobileProject", "TestMobileProject\TestMobileProject.csproj", "{630C31AA-78A9-4502-800A-72DB26FA8C5A}"
EndProject
Project("{2150E333-8FDC-42A3-9474-1A3956D46DE8}") = "Solution Items", "Solution Items", "{34090E03-AEC9-4EC7-8353-F3D884A92170}"
	ProjectSection(SolutionItems) = preProject
		bitbucket-pipelines.yml = bitbucket-pipelines.yml
		.gitignore = .gitignore
		readme.md = readme.md
		iPhone6AccessibilitySettings.png = iPhone6AccessibilitySettings.png
		iphone6Screenshot.png = iphone6Screenshot.png
	EndProjectSection
EndProject
Global
	GlobalSection(SolutionConfigurationPlatforms) = preSolution
		Debug|Any CPU = Debug|Any CPU
		Release|Any CPU = Release|Any CPU
		Debug|iPhoneSimulator = Debug|iPhoneSimulator
		Release|iPhoneSimulator = Release|iPhoneSimulator
		Debug|iPhone = Debug|iPhone
		Release|iPhone = Release|iPhone
	EndGlobalSection
	GlobalSection(ProjectConfigurationPlatforms) = postSolution
		{3B0ABF09-7669-4E0D-B5B9-95B7A674CDC0}.Debug|Any CPU.ActiveCfg = Debug|Any CPU
		{3B0ABF09-7669-4E0D-B5B9-95B7A674CDC0}.Debug|Any CPU.Build.0 = Debug|Any CPU
		{3B0ABF09-7669-4E0D-B5B9-95B7A674CDC0}.Release|Any CPU.ActiveCfg = Release|Any CPU
		{3B0ABF09-7669-4E0D-B5B9-95B7A674CDC0}.Release|Any CPU.Build.0 = Release|Any CPU
		{3B0ABF09-7669-4E0D-B5B9-95B7A674CDC0}.Debug|iPhoneSimulator.ActiveCfg = Debug|Any CPU
		{3B0ABF09-7669-4E0D-B5B9-95B7A674CDC0}.Debug|iPhoneSimulator.Build.0 = Debug|Any CPU
		{3B0ABF09-7669-4E0D-B5B9-95B7A674CDC0}.Release|iPhoneSimulator.ActiveCfg = Release|Any CPU
		{3B0ABF09-7669-4E0D-B5B9-95B7A674CDC0}.Release|iPhoneSimulator.Build.0 = Release|Any CPU
		{3B0ABF09-7669-4E0D-B5B9-95B7A674CDC0}.Debug|iPhone.ActiveCfg = Debug|Any CPU
		{3B0ABF09-7669-4E0D-B5B9-95B7A674CDC0}.Debug|iPhone.Build.0 = Debug|Any CPU
		{3B0ABF09-7669-4E0D-B5B9-95B7A674CDC0}.Release|iPhone.ActiveCfg = Release|Any CPU
		{3B0ABF09-7669-4E0D-B5B9-95B7A674CDC0}.Release|iPhone.Build.0 = Release|Any CPU
		{43DFE4B5-DD03-4CF1-925E-0D0F28B6F804}.Debug|Any CPU.ActiveCfg = Debug|iPhoneSimulator
		{43DFE4B5-DD03-4CF1-925E-0D0F28B6F804}.Debug|Any CPU.Build.0 = Debug|iPhoneSimulator
		{43DFE4B5-DD03-4CF1-925E-0D0F28B6F804}.Release|Any CPU.ActiveCfg = Release|iPhoneSimulator
		{43DFE4B5-DD03-4CF1-925E-0D0F28B6F804}.Release|Any CPU.Build.0 = Release|iPhoneSimulator
		{43DFE4B5-DD03-4CF1-925E-0D0F28B6F804}.Debug|iPhoneSimulator.ActiveCfg = Debug|iPhoneSimulator
		{43DFE4B5-DD03-4CF1-925E-0D0F28B6F804}.Debug|iPhoneSimulator.Build.0 = Debug|iPhoneSimulator
		{43DFE4B5-DD03-4CF1-925E-0D0F28B6F804}.Release|iPhoneSimulator.ActiveCfg = Release|iPhoneSimulator
		{43DFE4B5-DD03-4CF1-925E-0D0F28B6F804}.Release|iPhoneSimulator.Build.0 = Release|iPhoneSimulator
		{43DFE4B5-DD03-4CF1-925E-0D0F28B6F804}.Debug|iPhone.ActiveCfg = Debug|iPhone
		{43DFE4B5-DD03-4CF1-925E-0D0F28B6F804}.Debug|iPhone.Build.0 = Debug|iPhone
		{43DFE4B5-DD03-4CF1-925E-0D0F28B6F804}.Release|iPhone.ActiveCfg = Release|iPhone
		{43DFE4B5-DD03-4CF1-925E-0D0F28B6F804}.Release|iPhone.Build.0 = Release|iPhone
		{630C31AA-78A9-4502-800A-72DB26FA8C5A}.Debug|Any CPU.ActiveCfg = Debug|Any CPU
		{630C31AA-78A9-4502-800A-72DB26FA8C5A}.Debug|Any CPU.Build.0 = Debug|Any CPU
		{630C31AA-78A9-4502-800A-72DB26FA8C5A}.Release|Any CPU.ActiveCfg = Release|Any CPU
		{630C31AA-78A9-4502-800A-72DB26FA8C5A}.Release|Any CPU.Build.0 = Release|Any CPU
		{630C31AA-78A9-4502-800A-72DB26FA8C5A}.Debug|iPhoneSimulator.ActiveCfg = Debug|Any CPU
		{630C31AA-78A9-4502-800A-72DB26FA8C5A}.Debug|iPhoneSimulator.Build.0 = Debug|Any CPU
		{630C31AA-78A9-4502-800A-72DB26FA8C5A}.Release|iPhoneSimulator.ActiveCfg = Release|Any CPU
		{630C31AA-78A9-4502-800A-72DB26FA8C5A}.Release|iPhoneSimulator.Build.0 = Release|Any CPU
		{630C31AA-78A9-4502-800A-72DB26FA8C5A}.Debug|iPhone.ActiveCfg = Debug|Any CPU
		{630C31AA-78A9-4502-800A-72DB26FA8C5A}.Debug|iPhone.Build.0 = Debug|Any CPU
		{630C31AA-78A9-4502-800A-72DB26FA8C5A}.Release|iPhone.ActiveCfg = Release|Any CPU
		{630C31AA-78A9-4502-800A-72DB26FA8C5A}.Release|iPhone.Build.0 = Release|Any CPU
	EndGlobalSection
EndGlobal
